// !$*UTF8*$!
{
	archiveVersion = 1;
	classes = {
	};
	objectVersion = 46;
	objects = {

/* Begin PBXBuildFile section */
		43BAD14D1C9B3BD4005ADD3D /* AppDelegate.swift in Sources */ = {isa = PBXBuildFile; fileRef = 43BAD14C1C9B3BD4005ADD3D /* AppDelegate.swift */; };
		43BAD14F1C9B3BD4005ADD3D /* ViewController.swift in Sources */ = {isa = PBXBuildFile; fileRef = 43BAD14E1C9B3BD4005ADD3D /* ViewController.swift */; };
		43BAD1521C9B3BD4005ADD3D /* Main.storyboard in Resources */ = {isa = PBXBuildFile; fileRef = 43BAD1501C9B3BD4005ADD3D /* Main.storyboard */; };
		43BAD1541C9B3BD4005ADD3D /* Assets.xcassets in Resources */ = {isa = PBXBuildFile; fileRef = 43BAD1531C9B3BD4005ADD3D /* Assets.xcassets */; };
		43BAD1571C9B3BD4005ADD3D /* LaunchScreen.storyboard in Resources */ = {isa = PBXBuildFile; fileRef = 43BAD1551C9B3BD4005ADD3D /* LaunchScreen.storyboard */; };
		43BAD1621C9B3BD4005ADD3D /* ProveAppTests.swift in Sources */ = {isa = PBXBuildFile; fileRef = 43BAD1611C9B3BD4005ADD3D /* ProveAppTests.swift */; };
/* End PBXBuildFile section */

/* Begin PBXContainerItemProxy section */
		43BAD15E1C9B3BD4005ADD3D /* PBXContainerItemProxy */ = {
			isa = PBXContainerItemProxy;
			containerPortal = 43BAD1411C9B3BD4005ADD3D /* Project object */;
			proxyType = 1;
			remoteGlobalIDString = 43BAD1481C9B3BD4005ADD3D;
			remoteInfo = ProveApp;
		};
/* End PBXContainerItemProxy section */

/* Begin PBXFileReference section */
		43BAD1491C9B3BD4005ADD3D /* ProveApp.app */ = {isa = PBXFileReference; explicitFileType = wrapper.application; includeInIndex = 0; path = ProveApp.app; sourceTree = BUILT_PRODUCTS_DIR; };
		43BAD14C1C9B3BD4005ADD3D /* AppDelegate.swift */ = {isa = PBXFileReference; lastKnownFileType = sourcecode.swift; path = AppDelegate.swift; sourceTree = "<group>"; };
		43BAD14E1C9B3BD4005ADD3D /* ViewController.swift */ = {isa = PBXFileReference; lastKnownFileType = sourcecode.swift; path = ViewController.swift; sourceTree = "<group>"; };
		43BAD1511C9B3BD4005ADD3D /* Base */ = {isa = PBXFileReference; lastKnownFileType = file.storyboard; name = Base; path = Base.lproj/Main.storyboard; sourceTree = "<group>"; };
		43BAD1531C9B3BD4005ADD3D /* Assets.xcassets */ = {isa = PBXFileReference; lastKnownFileType = folder.assetcatalog; path = Assets.xcassets; sourceTree = "<group>"; };
		43BAD1561C9B3BD4005ADD3D /* Base */ = {isa = PBXFileReference; lastKnownFileType = file.storyboard; name = Base; path = Base.lproj/LaunchScreen.storyboard; sourceTree = "<group>"; };
		43BAD1581C9B3BD4005ADD3D /* Info.plist */ = {isa = PBXFileReference; lastKnownFileType = text.plist.xml; path = Info.plist; sourceTree = "<group>"; };
		43BAD15D1C9B3BD4005ADD3D /* ProveAppTests.xctest */ = {isa = PBXFileReference; explicitFileType = wrapper.cfbundle; includeInIndex = 0; path = ProveAppTests.xctest; sourceTree = BUILT_PRODUCTS_DIR; };
		43BAD1611C9B3BD4005ADD3D /* ProveAppTests.swift */ = {isa = PBXFileReference; lastKnownFileType = sourcecode.swift; path = ProveAppTests.swift; sourceTree = "<group>"; };
		43BAD1631C9B3BD4005ADD3D /* Info.plist */ = {isa = PBXFileReference; lastKnownFileType = text.plist.xml; path = Info.plist; sourceTree = "<group>"; };
/* End PBXFileReference section */

/* Begin PBXFrameworksBuildPhase section */
		43BAD1461C9B3BD4005ADD3D /* Frameworks */ = {
			isa = PBXFrameworksBuildPhase;
			buildActionMask = 2147483647;
			files = (
			);
			runOnlyForDeploymentPostprocessing = 0;
		};
		43BAD15A1C9B3BD4005ADD3D /* Frameworks */ = {
			isa = PBXFrameworksBuildPhase;
			buildActionMask = 2147483647;
			files = (
			);
			runOnlyForDeploymentPostprocessing = 0;
		};
/* End PBXFrameworksBuildPhase section */

/* Begin PBXGroup section */
		43BAD1401C9B3BD4005ADD3D = {
			isa = PBXGroup;
			children = (
				43BAD14B1C9B3BD4005ADD3D /* ProveApp */,
				43BAD1601C9B3BD4005ADD3D /* ProveAppTests */,
				43BAD14A1C9B3BD4005ADD3D /* Products */,
			);
			sourceTree = "<group>";
		};
		43BAD14A1C9B3BD4005ADD3D /* Products */ = {
			isa = PBXGroup;
			children = (
				43BAD1491C9B3BD4005ADD3D /* ProveApp.app */,
				43BAD15D1C9B3BD4005ADD3D /* ProveAppTests.xctest */,
			);
			name = Products;
			sourceTree = "<group>";
		};
		43BAD14B1C9B3BD4005ADD3D /* ProveApp */ = {
			isa = PBXGroup;
			children = (
				43BAD14C1C9B3BD4005ADD3D /* AppDelegate.swift */,
				43BAD14E1C9B3BD4005ADD3D /* ViewController.swift */,
				43BAD1501C9B3BD4005ADD3D /* Main.storyboard */,
				43BAD1531C9B3BD4005ADD3D /* Assets.xcassets */,
				43BAD1551C9B3BD4005ADD3D /* LaunchScreen.storyboard */,
				43BAD1581C9B3BD4005ADD3D /* Info.plist */,
			);
			path = ProveApp;
			sourceTree = "<group>";
		};
		43BAD1601C9B3BD4005ADD3D /* ProveAppTests */ = {
			isa = PBXGroup;
			children = (
				43BAD1611C9B3BD4005ADD3D /* ProveAppTests.swift */,
				43BAD1631C9B3BD4005ADD3D /* Info.plist */,
			);
			path = ProveAppTests;
			sourceTree = "<group>";
		};
/* End PBXGroup section */

/* Begin PBXNativeTarget section */
		43BAD1481C9B3BD4005ADD3D /* ProveApp */ = {
			isa = PBXNativeTarget;
			buildConfigurationList = 43BAD1661C9B3BD4005ADD3D /* Build configuration list for PBXNativeTarget "ProveApp" */;
			buildPhases = (
				43BAD1451C9B3BD4005ADD3D /* Sources */,
				43BAD1461C9B3BD4005ADD3D /* Frameworks */,
				43BAD1471C9B3BD4005ADD3D /* Resources */,
			);
			buildRules = (
			);
			dependencies = (
			);
			name = ProveApp;
			productName = ProveApp;
			productReference = 43BAD1491C9B3BD4005ADD3D /* ProveApp.app */;
			productType = "com.apple.product-type.application";
		};
		43BAD15C1C9B3BD4005ADD3D /* ProveAppTests */ = {
			isa = PBXNativeTarget;
			buildConfigurationList = 43BAD1691C9B3BD4005ADD3D /* Build configuration list for PBXNativeTarget "ProveAppTests" */;
			buildPhases = (
				43BAD1591C9B3BD4005ADD3D /* Sources */,
				43BAD15A1C9B3BD4005ADD3D /* Frameworks */,
				43BAD15B1C9B3BD4005ADD3D /* Resources */,
			);
			buildRules = (
			);
			dependencies = (
				43BAD15F1C9B3BD4005ADD3D /* PBXTargetDependency */,
			);
			name = ProveAppTests;
			productName = ProveAppTests;
			productReference = 43BAD15D1C9B3BD4005ADD3D /* ProveAppTests.xctest */;
			productType = "com.apple.product-type.bundle.unit-test";
		};
/* End PBXNativeTarget section */

/* Begin PBXProject section */
		43BAD1411C9B3BD4005ADD3D /* Project object */ = {
			isa = PBXProject;
			attributes = {
				LastSwiftUpdateCheck = 0720;
				LastUpgradeCheck = 0720;
				ORGANIZATIONNAME = "Michael Doolan";
				TargetAttributes = {
					43BAD1481C9B3BD4005ADD3D = {
						CreatedOnToolsVersion = 7.2.1;
					};
					43BAD15C1C9B3BD4005ADD3D = {
						CreatedOnToolsVersion = 7.2.1;
						TestTargetID = 43BAD1481C9B3BD4005ADD3D;
					};
				};
			};
			buildConfigurationList = 43BAD1441C9B3BD4005ADD3D /* Build configuration list for PBXProject "ProveApp" */;
			compatibilityVersion = "Xcode 3.2";
			developmentRegion = English;
			hasScannedForEncodings = 0;
			knownRegions = (
				en,
				Base,
			);
			mainGroup = 43BAD1401C9B3BD4005ADD3D;
			productRefGroup = 43BAD14A1C9B3BD4005ADD3D /* Products */;
			projectDirPath = "";
			projectRoot = "";
			targets = (
				43BAD1481C9B3BD4005ADD3D /* ProveApp */,
				43BAD15C1C9B3BD4005ADD3D /* ProveAppTests */,
			);
		};
/* End PBXProject section */

/* Begin PBXResourcesBuildPhase section */
		43BAD1471C9B3BD4005ADD3D /* Resources */ = {
			isa = PBXResourcesBuildPhase;
			buildActionMask = 2147483647;
			files = (
				43BAD1571C9B3BD4005ADD3D /* LaunchScreen.storyboard in Resources */,
				43BAD1541C9B3BD4005ADD3D /* Assets.xcassets in Resources */,
				43BAD1521C9B3BD4005ADD3D /* Main.storyboard in Resources */,
			);
			runOnlyForDeploymentPostprocessing = 0;
		};
		43BAD15B1C9B3BD4005ADD3D /* Resources */ = {
			isa = PBXResourcesBuildPhase;
			buildActionMask = 2147483647;
			files = (
			);
			runOnlyForDeploymentPostprocessing = 0;
		};
/* End PBXResourcesBuildPhase section */

/* Begin PBXSourcesBuildPhase section */
		43BAD1451C9B3BD4005ADD3D /* Sources */ = {
			isa = PBXSourcesBuildPhase;
			buildActionMask = 2147483647;
			files = (
				43BAD14F1C9B3BD4005ADD3D /* ViewController.swift in Sources */,
				43BAD14D1C9B3BD4005ADD3D /* AppDelegate.swift in Sources */,
			);
			runOnlyForDeploymentPostprocessing = 0;
		};
		43BAD1591C9B3BD4005ADD3D /* Sources */ = {
			isa = PBXSourcesBuildPhase;
			buildActionMask = 2147483647;
			files = (
				43BAD1621C9B3BD4005ADD3D /* ProveAppTests.swift in Sources */,
			);
			runOnlyForDeploymentPostprocessing = 0;
		};
/* End PBXSourcesBuildPhase section */

/* Begin PBXTargetDependency section */
		43BAD15F1C9B3BD4005ADD3D /* PBXTargetDependency */ = {
			isa = PBXTargetDependency;
			target = 43BAD1481C9B3BD4005ADD3D /* ProveApp */;
			targetProxy = 43BAD15E1C9B3BD4005ADD3D /* PBXContainerItemProxy */;
		};
/* End PBXTargetDependency section */

/* Begin PBXVariantGroup section */
		43BAD1501C9B3BD4005ADD3D /* Main.storyboard */ = {
			isa = PBXVariantGroup;
			children = (
				43BAD1511C9B3BD4005ADD3D /* Base */,
			);
			name = Main.storyboard;
			sourceTree = "<group>";
		};
		43BAD1551C9B3BD4005ADD3D /* LaunchScreen.storyboard */ = {
			isa = PBXVariantGroup;
			children = (
				43BAD1561C9B3BD4005ADD3D /* Base */,
			);
			name = LaunchScreen.storyboard;
			sourceTree = "<group>";
		};
/* End PBXVariantGroup section */

/* Begin XCBuildConfiguration section */
		43BAD1641C9B3BD4005ADD3D /* Debug */ = {
			isa = XCBuildConfiguration;
			buildSettings = {
				ALWAYS_SEARCH_USER_PATHS = NO;
				CLANG_CXX_LANGUAGE_STANDARD = "gnu++0x";
				CLANG_CXX_LIBRARY = "libc++";
				CLANG_ENABLE_MODULES = YES;
				CLANG_ENABLE_OBJC_ARC = YES;
				CLANG_WARN_BOOL_CONVERSION = YES;
				CLANG_WARN_CONSTANT_CONVERSION = YES;
				CLANG_WARN_DIRECT_OBJC_ISA_USAGE = YES_ERROR;
				CLANG_WARN_EMPTY_BODY = YES;
				CLANG_WARN_ENUM_CONVERSION = YES;
				CLANG_WARN_INT_CONVERSION = YES;
				CLANG_WARN_OBJC_ROOT_CLASS = YES_ERROR;
				CLANG_WARN_UNREACHABLE_CODE = YES;
				CLANG_WARN__DUPLICATE_METHOD_MATCH = YES;
				"CODE_SIGN_IDENTITY[sdk=iphoneos*]" = "iPhone Developer";
				COPY_PHASE_STRIP = NO;
				DEBUG_INFORMATION_FORMAT = dwarf;
				ENABLE_STRICT_OBJC_MSGSEND = YES;
				ENABLE_TESTABILITY = YES;
				GCC_C_LANGUAGE_STANDARD = gnu99;
				GCC_DYNAMIC_NO_PIC = NO;
				GCC_NO_COMMON_BLOCKS = YES;
				GCC_OPTIMIZATION_LEVEL = 0;
				GCC_PREPROCESSOR_DEFINITIONS = (
					"DEBUG=1",
					"$(inherited)",
				);
				GCC_WARN_64_TO_32_BIT_CONVERSION = YES;
				GCC_WARN_ABOUT_RETURN_TYPE = YES_ERROR;
				GCC_WARN_UNDECLARED_SELECTOR = YES;
				GCC_WARN_UNINITIALIZED_AUTOS = YES_AGGRESSIVE;
				GCC_WARN_UNUSED_FUNCTION = YES;
				GCC_WARN_UNUSED_VARIABLE = YES;
				IPHONEOS_DEPLOYMENT_TARGET = 9.2;
				MTL_ENABLE_DEBUG_INFO = YES;
				ONLY_ACTIVE_ARCH = YES;
				SDKROOT = iphoneos;
				SWIFT_OPTIMIZATION_LEVEL = "-Onone";
				TARGETED_DEVICE_FAMILY = "1,2";
			};
			name = Debug;
		};
		43BAD1651C9B3BD4005ADD3D /* Release */ = {
			isa = XCBuildConfiguration;
			buildSettings = {
				ALWAYS_SEARCH_USER_PATHS = NO;
				CLANG_CXX_LANGUAGE_STANDARD = "gnu++0x";
				CLANG_CXX_LIBRARY = "libc++";
				CLANG_ENABLE_MODULES = YES;
				CLANG_ENABLE_OBJC_ARC = YES;
				CLANG_WARN_BOOL_CONVERSION = YES;
				CLANG_WARN_CONSTANT_CONVERSION = YES;
				CLANG_WARN_DIRECT_OBJC_ISA_USAGE = YES_ERROR;
				CLANG_WARN_EMPTY_BODY = YES;
				CLANG_WARN_ENUM_CONVERSION = YES;
				CLANG_WARN_INT_CONVERSION = YES;
				CLANG_WARN_OBJC_ROOT_CLASS = YES_ERROR;
				CLANG_WARN_UNREACHABLE_CODE = YES;
				CLANG_WARN__DUPLICATE_METHOD_MATCH = YES;
				"CODE_SIGN_IDENTITY[sdk=iphoneos*]" = "iPhone Developer";
				COPY_PHASE_STRIP = NO;
				DEBUG_INFORMATION_FORMAT = "dwarf-with-dsym";
				ENABLE_NS_ASSERTIONS = NO;
				ENABLE_STRICT_OBJC_MSGSEND = YES;
				GCC_C_LANGUAGE_STANDARD = gnu99;
				GCC_NO_COMMON_BLOCKS = YES;
				GCC_WARN_64_TO_32_BIT_CONVERSION = YES;
				GCC_WARN_ABOUT_RETURN_TYPE = YES_ERROR;
				GCC_WARN_UNDECLARED_SELECTOR = YES;
				GCC_WARN_UNINITIALIZED_AUTOS = YES_AGGRESSIVE;
				GCC_WARN_UNUSED_FUNCTION = YES;
				GCC_WARN_UNUSED_VARIABLE = YES;
				IPHONEOS_DEPLOYMENT_TARGET = 9.2;
				MTL_ENABLE_DEBUG_INFO = NO;
				SDKROOT = iphoneos;
				TARGETED_DEVICE_FAMILY = "1,2";
				VALIDATE_PRODUCT = YES;
			};
			name = Release;
		};
		43BAD1671C9B3BD4005ADD3D /* Debug */ = {
			isa = XCBuildConfiguration;
			buildSettings = {
				ASSETCATALOG_COMPILER_APPICON_NAME = AppIcon;
				INFOPLIST_FILE = ProveApp/Info.plist;
				LD_RUNPATH_SEARCH_PATHS = "$(inherited) @executable_path/Frameworks";
				PRODUCT_BUNDLE_IDENTIFIER = com.example.ProveApp;
				PRODUCT_NAME = "$(TARGET_NAME)";
			};
			name = Debug;
		};
		43BAD1681C9B3BD4005ADD3D /* Release */ = {
			isa = XCBuildConfiguration;
			buildSettings = {
				ASSETCATALOG_COMPILER_APPICON_NAME = AppIcon;
				INFOPLIST_FILE = ProveApp/Info.plist;
				LD_RUNPATH_SEARCH_PATHS = "$(inherited) @executable_path/Frameworks";
				PRODUCT_BUNDLE_IDENTIFIER = com.example.ProveApp;
				PRODUCT_NAME = "$(TARGET_NAME)";
			};
			name = Release;
		};
		43BAD16A1C9B3BD4005ADD3D /* Debug */ = {
			isa = XCBuildConfiguration;
			buildSettings = {
				BUNDLE_LOADER = "$(TEST_HOST)";
				INFOPLIST_FILE = ProveAppTests/Info.plist;
				LD_RUNPATH_SEARCH_PATHS = "$(inherited) @executable_path/Frameworks @loader_path/Frameworks";
				PRODUCT_BUNDLE_IDENTIFIER = com.example.ProveAppTests;
				PRODUCT_NAME = "$(TARGET_NAME)";
				TEST_HOST = "$(BUILT_PRODUCTS_DIR)/ProveApp.app/ProveApp";
			};
			name = Debug;
		};
		43BAD16B1C9B3BD4005ADD3D /* Release */ = {
			isa = XCBuildConfiguration;
			buildSettings = {
				BUNDLE_LOADER = "$(TEST_HOST)";
				INFOPLIST_FILE = ProveAppTests/Info.plist;
				LD_RUNPATH_SEARCH_PATHS = "$(inherited) @executable_path/Frameworks @loader_path/Frameworks";
				PRODUCT_BUNDLE_IDENTIFIER = com.example.ProveAppTests;
				PRODUCT_NAME = "$(TARGET_NAME)";
				TEST_HOST = "$(BUILT_PRODUCTS_DIR)/ProveApp.app/ProveApp";
			};
			name = Release;
		};
/* End XCBuildConfiguration section */

/* Begin XCConfigurationList section */
		43BAD1441C9B3BD4005ADD3D /* Build configuration list for PBXProject "ProveApp" */ = {
			isa = XCConfigurationList;
			buildConfigurations = (
				43BAD1641C9B3BD4005ADD3D /* Debug */,
				43BAD1651C9B3BD4005ADD3D /* Release */,
			);
			defaultConfigurationIsVisible = 0;
			defaultConfigurationName = Release;
		};
		43BAD1661C9B3BD4005ADD3D /* Build configuration list for PBXNativeTarget "ProveApp" */ = {
			isa = XCConfigurationList;
			buildConfigurations = (
				43BAD1671C9B3BD4005ADD3D /* Debug */,
				43BAD1681C9B3BD4005ADD3D /* Release */,
			);
			defaultConfigurationIsVisible = 0;
		};
		43BAD1691C9B3BD4005ADD3D /* Build configuration list for PBXNativeTarget "ProveAppTests" */ = {
			isa = XCConfigurationList;
			buildConfigurations = (
				43BAD16A1C9B3BD4005ADD3D /* Debug */,
				43BAD16B1C9B3BD4005ADD3D /* Release */,
			);
			defaultConfigurationIsVisible = 0;
		};
/* End XCConfigurationList section */
	};
	rootObject = 43BAD1411C9B3BD4005ADD3D /* Project object */;
}
